
Microsoft Visual Studio Solution File, Format Version 12.00
# Visual Studio Version 17
VisualStudioVersion = 17.4.33110.190
MinimumVisualStudioVersion = 10.0.40219.1
Project("{9A19103F-16F7-4668-BE54-9A1E7A4F7556}") = "TinyDependencyInjection01", "TinyDependencyInjection01\TinyDependencyInjection01.csproj", "{B7C9B877-EAB6-4A96-82F6-ADEE4ED2B599}"
EndProject
Project("{9A19103F-16F7-4668-BE54-9A1E7A4F7556}") = "TinyDependencyInjection02", "TinyDependencyInjection02\TinyDependencyInjection02.csproj", "{5AFC301A-113F-41C2-B14C-912254E92446}"
EndProject
Project("{9A19103F-16F7-4668-BE54-9A1E7A4F7556}") = "TinyDependencyInjection03", "TinyDependencyInjection03\TinyDependencyInjection03.csproj", "{D5A6EF75-1F01-465E-9CF6-C1716FE05D4B}"
EndProject
Project("{FAE04EC0-301F-11D3-BF4B-00C04F79EFBC}") = "TinyDependencyInjection04", "TinyDependencyInjection04\TinyDependencyInjection04.csproj", "{E46D5925-910D-44CD-A624-E20293A881CA}"
EndProject
Project("{FAE04EC0-301F-11D3-BF4B-00C04F79EFBC}") = "TinyDependencyInjection05", "TinyDependencyInjection05\TinyDependencyInjection05.csproj", "{12997991-E3E2-42CA-A666-505C353F61A2}"
EndProject
Global
	GlobalSection(SolutionConfigurationPlatforms) = preSolution
		Debug|Any CPU = Debug|Any CPU
		Release|Any CPU = Release|Any CPU
	EndGlobalSection
	GlobalSection(ProjectConfigurationPlatforms) = postSolution
		{B7C9B877-EAB6-4A96-82F6-ADEE4ED2B599}.Debug|Any CPU.ActiveCfg = Debug|Any CPU
		{B7C9B877-EAB6-4A96-82F6-ADEE4ED2B599}.Debug|Any CPU.Build.0 = Debug|Any CPU
		{B7C9B877-EAB6-4A96-82F6-ADEE4ED2B599}.Release|Any CPU.ActiveCfg = Release|Any CPU
		{B7C9B877-EAB6-4A96-82F6-ADEE4ED2B599}.Release|Any CPU.Build.0 = Release|Any CPU
		{5AFC301A-113F-41C2-B14C-912254E92446}.Debug|Any CPU.ActiveCfg = Debug|Any CPU
		{5AFC301A-113F-41C2-B14C-912254E92446}.Debug|Any CPU.Build.0 = Debug|Any CPU
		{5AFC301A-113F-41C2-B14C-912254E92446}.Release|Any CPU.ActiveCfg = Release|Any CPU
		{5AFC301A-113F-41C2-B14C-912254E92446}.Release|Any CPU.Build.0 = Release|Any CPU
		{D5A6EF75-1F01-465E-9CF6-C1716FE05D4B}.Debug|Any CPU.ActiveCfg = Debug|Any CPU
		{D5A6EF75-1F01-465E-9CF6-C1716FE05D4B}.Debug|Any CPU.Build.0 = Debug|Any CPU
		{D5A6EF75-1F01-465E-9CF6-C1716FE05D4B}.Release|Any CPU.ActiveCfg = Release|Any CPU
		{D5A6EF75-1F01-465E-9CF6-C1716FE05D4B}.Release|Any CPU.Build.0 = Release|Any CPU
		{E46D5925-910D-44CD-A624-E20293A881CA}.Debug|Any CPU.ActiveCfg = Debug|Any CPU
		{E46D5925-910D-44CD-A624-E20293A881CA}.Debug|Any CPU.Build.0 = Debug|Any CPU
		{E46D5925-910D-44CD-A624-E20293A881CA}.Release|Any CPU.ActiveCfg = Release|Any CPU
		{E46D5925-910D-44CD-A624-E20293A881CA}.Release|Any CPU.Build.0 = Release|Any CPU
		{12997991-E3E2-42CA-A666-505C353F61A2}.Debug|Any CPU.ActiveCfg = Debug|Any CPU
		{12997991-E3E2-42CA-A666-505C353F61A2}.Debug|Any CPU.Build.0 = Debug|Any CPU
		{12997991-E3E2-42CA-A666-505C353F61A2}.Release|Any CPU.ActiveCfg = Release|Any CPU
		{12997991-E3E2-42CA-A666-505C353F61A2}.Release|Any CPU.Build.0 = Release|Any CPU
	EndGlobalSection
	GlobalSection(SolutionProperties) = preSolution
		HideSolutionNode = FALSE
	EndGlobalSection
	GlobalSection(ExtensibilityGlobals) = postSolution
		SolutionGuid = {A1F5C88F-FF43-4A60-9809-119D0317B23B}
	EndGlobalSection
EndGlobal
